<Solution>
  <Folder Name="/src/">
    <Project Path="src/ControlGastos.Api/ControlGastos.Api.csproj" />
    <Project Path="src/ControlGastos.Core/ControlGastos.Core.csproj" />
    <Project Path="src/ControlGastos.Infrastructure/ControlGastos.Infrastructure.csproj" />
    <Project Path="src/ControlGastos.Web/ControlGastos.Web.csproj" />
  </Folder>
</Solution>
